
Microsoft Visual Studio Solution File, Format Version 12.00
# Visual Studio 15
VisualStudioVersion = 15.0.27130.2024
MinimumVisualStudioVersion = 10.0.40219.1
Project("{9A19103F-16F7-4668-BE54-9A1E7A4F7556}") = "NDbPortal", "src\NDbPortal.csproj", "{D6AC79FC-D034-40FE-BA56-EF61E6D8B91E}"
EndProject
Project("{9A19103F-16F7-4668-BE54-9A1E7A4F7556}") = "NDbPortal.Test", "test\NDbPortal.Test.csproj", "{D2350706-B860-428F-B456-397D4A8A860B}"
EndProject
Project("{9A19103F-16F7-4668-BE54-9A1E7A4F7556}") = "NDbPortal.Names", "..\NDbPortal.Names\NDbPortal.Names.csproj", "{6349C366-F6B0-41FF-9DE1-121E4356AE8E}"
EndProject
Project("{9A19103F-16F7-4668-BE54-9A1E7A4F7556}") = "NDbPortal.Sample.Web", "sample\NDbPortal.Sample.Web\NDbPortal.Sample.Web.csproj", "{6BC5B477-9C56-4B70-AC5C-8C520740BFBD}"
EndProject
Global
	GlobalSection(SolutionConfigurationPlatforms) = preSolution
		Debug|Any CPU = Debug|Any CPU
		Release|Any CPU = Release|Any CPU
	EndGlobalSection
	GlobalSection(ProjectConfigurationPlatforms) = postSolution
		{D6AC79FC-D034-40FE-BA56-EF61E6D8B91E}.Debug|Any CPU.ActiveCfg = Debug|Any CPU
		{D6AC79FC-D034-40FE-BA56-EF61E6D8B91E}.Debug|Any CPU.Build.0 = Debug|Any CPU
		{D6AC79FC-D034-40FE-BA56-EF61E6D8B91E}.Release|Any CPU.ActiveCfg = Release|Any CPU
		{D6AC79FC-D034-40FE-BA56-EF61E6D8B91E}.Release|Any CPU.Build.0 = Release|Any CPU
		{D2350706-B860-428F-B456-397D4A8A860B}.Debug|Any CPU.ActiveCfg = Debug|Any CPU
		{D2350706-B860-428F-B456-397D4A8A860B}.Debug|Any CPU.Build.0 = Debug|Any CPU
		{D2350706-B860-428F-B456-397D4A8A860B}.Release|Any CPU.ActiveCfg = Release|Any CPU
		{D2350706-B860-428F-B456-397D4A8A860B}.Release|Any CPU.Build.0 = Release|Any CPU
		{6349C366-F6B0-41FF-9DE1-121E4356AE8E}.Debug|Any CPU.ActiveCfg = Debug|Any CPU
		{6349C366-F6B0-41FF-9DE1-121E4356AE8E}.Debug|Any CPU.Build.0 = Debug|Any CPU
		{6349C366-F6B0-41FF-9DE1-121E4356AE8E}.Release|Any CPU.ActiveCfg = Release|Any CPU
		{6349C366-F6B0-41FF-9DE1-121E4356AE8E}.Release|Any CPU.Build.0 = Release|Any CPU
		{6BC5B477-9C56-4B70-AC5C-8C520740BFBD}.Debug|Any CPU.ActiveCfg = Debug|Any CPU
		{6BC5B477-9C56-4B70-AC5C-8C520740BFBD}.Debug|Any CPU.Build.0 = Debug|Any CPU
		{6BC5B477-9C56-4B70-AC5C-8C520740BFBD}.Release|Any CPU.ActiveCfg = Release|Any CPU
		{6BC5B477-9C56-4B70-AC5C-8C520740BFBD}.Release|Any CPU.Build.0 = Release|Any CPU
	EndGlobalSection
	GlobalSection(SolutionProperties) = preSolution
		HideSolutionNode = FALSE
	EndGlobalSection
	GlobalSection(ExtensibilityGlobals) = postSolution
		SolutionGuid = {CBFA54B7-F044-45A9-8517-91A35F0A6AB2}
	EndGlobalSection
EndGlobal
